
Microsoft Visual Studio Solution File, Format Version 12.00
# Visual Studio Version 17
VisualStudioVersion = 17.4.33103.184
MinimumVisualStudioVersion = 10.0.40219.1
Project("{9A19103F-16F7-4668-BE54-9A1E7A4F7556}") = "El_Proyecte_Grande", "El_Proyecte_Grande.csproj", "{CABA211E-371F-4A13-8B2C-3EEDF6C5028F}"
EndProject
Global
	GlobalSection(SolutionConfigurationPlatforms) = preSolution
		Debug|Any CPU = Debug|Any CPU
		Release|Any CPU = Release|Any CPU
	EndGlobalSection
	GlobalSection(ProjectConfigurationPlatforms) = postSolution
		{CABA211E-371F-4A13-8B2C-3EEDF6C5028F}.Debug|Any CPU.ActiveCfg = Debug|Any CPU
		{CABA211E-371F-4A13-8B2C-3EEDF6C5028F}.Debug|Any CPU.Build.0 = Debug|Any CPU
		{CABA211E-371F-4A13-8B2C-3EEDF6C5028F}.Release|Any CPU.ActiveCfg = Release|Any CPU
		{CABA211E-371F-4A13-8B2C-3EEDF6C5028F}.Release|Any CPU.Build.0 = Release|Any CPU
	EndGlobalSection
	GlobalSection(SolutionProperties) = preSolution
		HideSolutionNode = FALSE
	EndGlobalSection
	GlobalSection(ExtensibilityGlobals) = postSolution
		SolutionGuid = {7E328DF8-DD2E-4ED9-B3EF-633075910F08}
	EndGlobalSection
EndGlobal
